
Microsoft Visual Studio Solution File, Format Version 12.00
# Visual Studio Version 17
VisualStudioVersion = 17.10.35004.147
MinimumVisualStudioVersion = 10.0.40219.1
Project("{FAE04EC0-301F-11D3-BF4B-00C04F79EFBC}") = "ConsoleOutput", "ConsoleOutput\ConsoleOutput.csproj", "{BB6210E1-ACFB-4F67-BAF0-89D7E07A80C7}"
EndProject
Global
	GlobalSection(SolutionConfigurationPlatforms) = preSolution
		Debug|Any CPU = Debug|Any CPU
		Release|Any CPU = Release|Any CPU
	EndGlobalSection
	GlobalSection(ProjectConfigurationPlatforms) = postSolution
		{BB6210E1-ACFB-4F67-BAF0-89D7E07A80C7}.Debug|Any CPU.ActiveCfg = Debug|Any CPU
		{BB6210E1-ACFB-4F67-BAF0-89D7E07A80C7}.Debug|Any CPU.Build.0 = Debug|Any CPU
		{BB6210E1-ACFB-4F67-BAF0-89D7E07A80C7}.Release|Any CPU.ActiveCfg = Release|Any CPU
		{BB6210E1-ACFB-4F67-BAF0-89D7E07A80C7}.Release|Any CPU.Build.0 = Release|Any CPU
	EndGlobalSection
	GlobalSection(SolutionProperties) = preSolution
		HideSolutionNode = FALSE
	EndGlobalSection
	GlobalSection(ExtensibilityGlobals) = postSolution
		SolutionGuid = {EF904455-EE9A-4275-B66B-B67C26D32DE0}
	EndGlobalSection
EndGlobal
